// !$*UTF8*$!
{
	archiveVersion = 1;
	classes = {
	};
	objectVersion = 46;
	objects = {

/* Begin PBXBuildFile section */
		5461ECCA15B8F6170013CC4E /* AFHTTPClient.m in Sources */ = {isa = PBXBuildFile; fileRef = 5461ECB615B8F6170013CC4E /* AFHTTPClient.m */; settings = {COMPILER_FLAGS = "-fno-objc-arc"; }; };
		5461ECCB15B8F6170013CC4E /* AFHTTPRequestOperation.m in Sources */ = {isa = PBXBuildFile; fileRef = 5461ECB815B8F6170013CC4E /* AFHTTPRequestOperation.m */; settings = {COMPILER_FLAGS = "-fno-objc-arc"; }; };
		5461ECCC15B8F6170013CC4E /* AFImageRequestOperation.m in Sources */ = {isa = PBXBuildFile; fileRef = 5461ECBA15B8F6170013CC4E /* AFImageRequestOperation.m */; settings = {COMPILER_FLAGS = "-fno-objc-arc"; }; };
		5461ECCD15B8F6170013CC4E /* AFJSONRequestOperation.m in Sources */ = {isa = PBXBuildFile; fileRef = 5461ECBC15B8F6170013CC4E /* AFJSONRequestOperation.m */; settings = {COMPILER_FLAGS = "-fno-objc-arc"; }; };
		5461ECCE15B8F6170013CC4E /* AFJSONUtilities.m in Sources */ = {isa = PBXBuildFile; fileRef = 5461ECBE15B8F6170013CC4E /* AFJSONUtilities.m */; settings = {COMPILER_FLAGS = "-fno-objc-arc"; }; };
		5461ECCF15B8F6170013CC4E /* AFNetworkActivityIndicatorManager.m in Sources */ = {isa = PBXBuildFile; fileRef = 5461ECC015B8F6170013CC4E /* AFNetworkActivityIndicatorManager.m */; settings = {COMPILER_FLAGS = "-fno-objc-arc"; }; };
		5461ECD015B8F6170013CC4E /* AFPropertyListRequestOperation.m in Sources */ = {isa = PBXBuildFile; fileRef = 5461ECC315B8F6170013CC4E /* AFPropertyListRequestOperation.m */; settings = {COMPILER_FLAGS = "-fno-objc-arc"; }; };
		5461ECD115B8F6170013CC4E /* AFURLConnectionOperation.m in Sources */ = {isa = PBXBuildFile; fileRef = 5461ECC515B8F6170013CC4E /* AFURLConnectionOperation.m */; settings = {COMPILER_FLAGS = "-fno-objc-arc"; }; };
		5461ECD215B8F6170013CC4E /* AFXMLRequestOperation.m in Sources */ = {isa = PBXBuildFile; fileRef = 5461ECC715B8F6170013CC4E /* AFXMLRequestOperation.m */; settings = {COMPILER_FLAGS = "-fno-objc-arc"; }; };
		5461ECD315B8F6170013CC4E /* UIImageView+AFNetworking.m in Sources */ = {isa = PBXBuildFile; fileRef = 5461ECC915B8F6170013CC4E /* UIImageView+AFNetworking.m */; settings = {COMPILER_FLAGS = "-fno-objc-arc"; }; };
		548959E415A2860700D4D11C /* UIKit.framework in Frameworks */ = {isa = PBXBuildFile; fileRef = 548959E315A2860700D4D11C /* UIKit.framework */; };
		548959E615A2860700D4D11C /* Foundation.framework in Frameworks */ = {isa = PBXBuildFile; fileRef = 548959E515A2860700D4D11C /* Foundation.framework */; };
		548959E815A2860700D4D11C /* CoreGraphics.framework in Frameworks */ = {isa = PBXBuildFile; fileRef = 548959E715A2860700D4D11C /* CoreGraphics.framework */; };
		548959EE15A2860700D4D11C /* InfoPlist.strings in Resources */ = {isa = PBXBuildFile; fileRef = 548959EC15A2860700D4D11C /* InfoPlist.strings */; };
		548959F015A2860700D4D11C /* main.m in Sources */ = {isa = PBXBuildFile; fileRef = 548959EF15A2860700D4D11C /* main.m */; };
		548959F415A2860700D4D11C /* JDAppDelegate.m in Sources */ = {isa = PBXBuildFile; fileRef = 548959F315A2860700D4D11C /* JDAppDelegate.m */; };
		548959F715A2860700D4D11C /* MainStoryboard.storyboard in Resources */ = {isa = PBXBuildFile; fileRef = 548959F515A2860700D4D11C /* MainStoryboard.storyboard */; };
		548959FA15A2860700D4D11C /* JDMasterViewController.m in Sources */ = {isa = PBXBuildFile; fileRef = 548959F915A2860700D4D11C /* JDMasterViewController.m */; };
		548959FD15A2860700D4D11C /* JDDetailViewController.m in Sources */ = {isa = PBXBuildFile; fileRef = 548959FC15A2860700D4D11C /* JDDetailViewController.m */; };
		54A63DD815ABB49800C1A232 /* AccountEditViewController.m in Sources */ = {isa = PBXBuildFile; fileRef = 54A63DD715ABB49800C1A232 /* AccountEditViewController.m */; };
		54BFA92E15A5253900CBB9E6 /* JDDownloadViewController.m in Sources */ = {isa = PBXBuildFile; fileRef = 54BFA92D15A5253900CBB9E6 /* JDDownloadViewController.m */; };
/* End PBXBuildFile section */

/* Begin PBXFileReference section */
		5461ECB515B8F6170013CC4E /* AFHTTPClient.h */ = {isa = PBXFileReference; fileEncoding = 4; lastKnownFileType = sourcecode.c.h; path = AFHTTPClient.h; sourceTree = "<group>"; };
		5461ECB615B8F6170013CC4E /* AFHTTPClient.m */ = {isa = PBXFileReference; fileEncoding = 4; lastKnownFileType = sourcecode.c.objc; path = AFHTTPClient.m; sourceTree = "<group>"; };
		5461ECB715B8F6170013CC4E /* AFHTTPRequestOperation.h */ = {isa = PBXFileReference; fileEncoding = 4; lastKnownFileType = sourcecode.c.h; path = AFHTTPRequestOperation.h; sourceTree = "<group>"; };
		5461ECB815B8F6170013CC4E /* AFHTTPRequestOperation.m */ = {isa = PBXFileReference; fileEncoding = 4; lastKnownFileType = sourcecode.c.objc; path = AFHTTPRequestOperation.m; sourceTree = "<group>"; };
		5461ECB915B8F6170013CC4E /* AFImageRequestOperation.h */ = {isa = PBXFileReference; fileEncoding = 4; lastKnownFileType = sourcecode.c.h; path = AFImageRequestOperation.h; sourceTree = "<group>"; };
		5461ECBA15B8F6170013CC4E /* AFImageRequestOperation.m */ = {isa = PBXFileReference; fileEncoding = 4; lastKnownFileType = sourcecode.c.objc; path = AFImageRequestOperation.m; sourceTree = "<group>"; };
		5461ECBB15B8F6170013CC4E /* AFJSONRequestOperation.h */ = {isa = PBXFileReference; fileEncoding = 4; lastKnownFileType = sourcecode.c.h; path = AFJSONRequestOperation.h; sourceTree = "<group>"; };
		5461ECBC15B8F6170013CC4E /* AFJSONRequestOperation.m */ = {isa = PBXFileReference; fileEncoding = 4; lastKnownFileType = sourcecode.c.objc; path = AFJSONRequestOperation.m; sourceTree = "<group>"; };
		5461ECBD15B8F6170013CC4E /* AFJSONUtilities.h */ = {isa = PBXFileReference; fileEncoding = 4; lastKnownFileType = sourcecode.c.h; path = AFJSONUtilities.h; sourceTree = "<group>"; };
		5461ECBE15B8F6170013CC4E /* AFJSONUtilities.m */ = {isa = PBXFileReference; fileEncoding = 4; lastKnownFileType = sourcecode.c.objc; path = AFJSONUtilities.m; sourceTree = "<group>"; };
		5461ECBF15B8F6170013CC4E /* AFNetworkActivityIndicatorManager.h */ = {isa = PBXFileReference; fileEncoding = 4; lastKnownFileType = sourcecode.c.h; path = AFNetworkActivityIndicatorManager.h; sourceTree = "<group>"; };
		5461ECC015B8F6170013CC4E /* AFNetworkActivityIndicatorManager.m */ = {isa = PBXFileReference; fileEncoding = 4; lastKnownFileType = sourcecode.c.objc; path = AFNetworkActivityIndicatorManager.m; sourceTree = "<group>"; };
		5461ECC115B8F6170013CC4E /* AFNetworking.h */ = {isa = PBXFileReference; fileEncoding = 4; lastKnownFileType = sourcecode.c.h; path = AFNetworking.h; sourceTree = "<group>"; };
		5461ECC215B8F6170013CC4E /* AFPropertyListRequestOperation.h */ = {isa = PBXFileReference; fileEncoding = 4; lastKnownFileType = sourcecode.c.h; path = AFPropertyListRequestOperation.h; sourceTree = "<group>"; };
		5461ECC315B8F6170013CC4E /* AFPropertyListRequestOperation.m */ = {isa = PBXFileReference; fileEncoding = 4; lastKnownFileType = sourcecode.c.objc; path = AFPropertyListRequestOperation.m; sourceTree = "<group>"; };
		5461ECC415B8F6170013CC4E /* AFURLConnectionOperation.h */ = {isa = PBXFileReference; fileEncoding = 4; lastKnownFileType = sourcecode.c.h; path = AFURLConnectionOperation.h; sourceTree = "<group>"; };
		5461ECC515B8F6170013CC4E /* AFURLConnectionOperation.m */ = {isa = PBXFileReference; fileEncoding = 4; lastKnownFileType = sourcecode.c.objc; path = AFURLConnectionOperation.m; sourceTree = "<group>"; };
		5461ECC615B8F6170013CC4E /* AFXMLRequestOperation.h */ = {isa = PBXFileReference; fileEncoding = 4; lastKnownFileType = sourcecode.c.h; path = AFXMLRequestOperation.h; sourceTree = "<group>"; };
		5461ECC715B8F6170013CC4E /* AFXMLRequestOperation.m */ = {isa = PBXFileReference; fileEncoding = 4; lastKnownFileType = sourcecode.c.objc; path = AFXMLRequestOperation.m; sourceTree = "<group>"; };
		5461ECC815B8F6170013CC4E /* UIImageView+AFNetworking.h */ = {isa = PBXFileReference; fileEncoding = 4; lastKnownFileType = sourcecode.c.h; path = "UIImageView+AFNetworking.h"; sourceTree = "<group>"; };
		5461ECC915B8F6170013CC4E /* UIImageView+AFNetworking.m */ = {isa = PBXFileReference; fileEncoding = 4; lastKnownFileType = sourcecode.c.objc; path = "UIImageView+AFNetworking.m"; sourceTree = "<group>"; };
		548959DF15A2860700D4D11C /* JpegDisplayTestByTatsuroUeda.app */ = {isa = PBXFileReference; explicitFileType = wrapper.application; includeInIndex = 0; path = JpegDisplayTestByTatsuroUeda.app; sourceTree = BUILT_PRODUCTS_DIR; };
		548959E315A2860700D4D11C /* UIKit.framework */ = {isa = PBXFileReference; lastKnownFileType = wrapper.framework; name = UIKit.framework; path = System/Library/Frameworks/UIKit.framework; sourceTree = SDKROOT; };
		548959E515A2860700D4D11C /* Foundation.framework */ = {isa = PBXFileReference; lastKnownFileType = wrapper.framework; name = Foundation.framework; path = System/Library/Frameworks/Foundation.framework; sourceTree = SDKROOT; };
		548959E715A2860700D4D11C /* CoreGraphics.framework */ = {isa = PBXFileReference; lastKnownFileType = wrapper.framework; name = CoreGraphics.framework; path = System/Library/Frameworks/CoreGraphics.framework; sourceTree = SDKROOT; };
		548959EB15A2860700D4D11C /* JpegDisplayTestByTatsuroUeda-Info.plist */ = {isa = PBXFileReference; lastKnownFileType = text.plist.xml; path = "JpegDisplayTestByTatsuroUeda-Info.plist"; sourceTree = "<group>"; };
		548959ED15A2860700D4D11C /* en */ = {isa = PBXFileReference; lastKnownFileType = text.plist.strings; name = en; path = en.lproj/InfoPlist.strings; sourceTree = "<group>"; };
		548959EF15A2860700D4D11C /* main.m */ = {isa = PBXFileReference; lastKnownFileType = sourcecode.c.objc; path = main.m; sourceTree = "<group>"; };
		548959F115A2860700D4D11C /* JpegDisplayTestByTatsuroUeda-Prefix.pch */ = {isa = PBXFileReference; lastKnownFileType = sourcecode.c.h; path = "JpegDisplayTestByTatsuroUeda-Prefix.pch"; sourceTree = "<group>"; };
		548959F215A2860700D4D11C /* JDAppDelegate.h */ = {isa = PBXFileReference; lastKnownFileType = sourcecode.c.h; path = JDAppDelegate.h; sourceTree = "<group>"; };
		548959F315A2860700D4D11C /* JDAppDelegate.m */ = {isa = PBXFileReference; lastKnownFileType = sourcecode.c.objc; path = JDAppDelegate.m; sourceTree = "<group>"; };
		548959F615A2860700D4D11C /* en */ = {isa = PBXFileReference; lastKnownFileType = file.storyboard; name = en; path = en.lproj/MainStoryboard.storyboard; sourceTree = "<group>"; };
		548959F815A2860700D4D11C /* JDMasterViewController.h */ = {isa = PBXFileReference; lastKnownFileType = sourcecode.c.h; path = JDMasterViewController.h; sourceTree = "<group>"; };
		548959F915A2860700D4D11C /* JDMasterViewController.m */ = {isa = PBXFileReference; lastKnownFileType = sourcecode.c.objc; path = JDMasterViewController.m; sourceTree = "<group>"; };
		548959FB15A2860700D4D11C /* JDDetailViewController.h */ = {isa = PBXFileReference; lastKnownFileType = sourcecode.c.h; path = JDDetailViewController.h; sourceTree = "<group>"; };
		548959FC15A2860700D4D11C /* JDDetailViewController.m */ = {isa = PBXFileReference; lastKnownFileType = sourcecode.c.objc; path = JDDetailViewController.m; sourceTree = "<group>"; };
		54A63DD615ABB49800C1A232 /* AccountEditViewController.h */ = {isa = PBXFileReference; fileEncoding = 4; lastKnownFileType = sourcecode.c.h; path = AccountEditViewController.h; sourceTree = "<group>"; };
		54A63DD715ABB49800C1A232 /* AccountEditViewController.m */ = {isa = PBXFileReference; fileEncoding = 4; lastKnownFileType = sourcecode.c.objc; path = AccountEditViewController.m; sourceTree = "<group>"; };
		54BFA92C15A5253900CBB9E6 /* JDDownloadViewController.h */ = {isa = PBXFileReference; fileEncoding = 4; lastKnownFileType = sourcecode.c.h; path = JDDownloadViewController.h; sourceTree = "<group>"; };
		54BFA92D15A5253900CBB9E6 /* JDDownloadViewController.m */ = {isa = PBXFileReference; fileEncoding = 4; lastKnownFileType = sourcecode.c.objc; path = JDDownloadViewController.m; sourceTree = "<group>"; };
/* End PBXFileReference section */

/* Begin PBXFrameworksBuildPhase section */
		548959DC15A2860700D4D11C /* Frameworks */ = {
			isa = PBXFrameworksBuildPhase;
			buildActionMask = 2147483647;
			files = (
				548959E415A2860700D4D11C /* UIKit.framework in Frameworks */,
				548959E615A2860700D4D11C /* Foundation.framework in Frameworks */,
				548959E815A2860700D4D11C /* CoreGraphics.framework in Frameworks */,
			);
			runOnlyForDeploymentPostprocessing = 0;
		};
/* End PBXFrameworksBuildPhase section */

/* Begin PBXGroup section */
		5461ECB415B8F6170013CC4E /* AFNetworking */ = {
			isa = PBXGroup;
			children = (
				5461ECB515B8F6170013CC4E /* AFHTTPClient.h */,
				5461ECB615B8F6170013CC4E /* AFHTTPClient.m */,
				5461ECB715B8F6170013CC4E /* AFHTTPRequestOperation.h */,
				5461ECB815B8F6170013CC4E /* AFHTTPRequestOperation.m */,
				5461ECB915B8F6170013CC4E /* AFImageRequestOperation.h */,
				5461ECBA15B8F6170013CC4E /* AFImageRequestOperation.m */,
				5461ECBB15B8F6170013CC4E /* AFJSONRequestOperation.h */,
				5461ECBC15B8F6170013CC4E /* AFJSONRequestOperation.m */,
				5461ECBD15B8F6170013CC4E /* AFJSONUtilities.h */,
				5461ECBE15B8F6170013CC4E /* AFJSONUtilities.m */,
				5461ECBF15B8F6170013CC4E /* AFNetworkActivityIndicatorManager.h */,
				5461ECC015B8F6170013CC4E /* AFNetworkActivityIndicatorManager.m */,
				5461ECC115B8F6170013CC4E /* AFNetworking.h */,
				5461ECC215B8F6170013CC4E /* AFPropertyListRequestOperation.h */,
				5461ECC315B8F6170013CC4E /* AFPropertyListRequestOperation.m */,
				5461ECC415B8F6170013CC4E /* AFURLConnectionOperation.h */,
				5461ECC515B8F6170013CC4E /* AFURLConnectionOperation.m */,
				5461ECC615B8F6170013CC4E /* AFXMLRequestOperation.h */,
				5461ECC715B8F6170013CC4E /* AFXMLRequestOperation.m */,
				5461ECC815B8F6170013CC4E /* UIImageView+AFNetworking.h */,
				5461ECC915B8F6170013CC4E /* UIImageView+AFNetworking.m */,
			);
			path = AFNetworking;
			sourceTree = "<group>";
		};
		548959D415A2860700D4D11C = {
			isa = PBXGroup;
			children = (
				5461ECB415B8F6170013CC4E /* AFNetworking */,
				548959E915A2860700D4D11C /* JpegDisplayTestByTatsuroUeda */,
				548959E215A2860700D4D11C /* Frameworks */,
				548959E015A2860700D4D11C /* Products */,
			);
			sourceTree = "<group>";
		};
		548959E015A2860700D4D11C /* Products */ = {
			isa = PBXGroup;
			children = (
				548959DF15A2860700D4D11C /* JpegDisplayTestByTatsuroUeda.app */,
			);
			name = Products;
			sourceTree = "<group>";
		};
		548959E215A2860700D4D11C /* Frameworks */ = {
			isa = PBXGroup;
			children = (
				548959E315A2860700D4D11C /* UIKit.framework */,
				548959E515A2860700D4D11C /* Foundation.framework */,
				548959E715A2860700D4D11C /* CoreGraphics.framework */,
			);
			name = Frameworks;
			sourceTree = "<group>";
		};
		548959E915A2860700D4D11C /* JpegDisplayTestByTatsuroUeda */ = {
			isa = PBXGroup;
			children = (
				548959F215A2860700D4D11C /* JDAppDelegate.h */,
				548959F315A2860700D4D11C /* JDAppDelegate.m */,
				548959F515A2860700D4D11C /* MainStoryboard.storyboard */,
				54BFA92C15A5253900CBB9E6 /* JDDownloadViewController.h */,
				54BFA92D15A5253900CBB9E6 /* JDDownloadViewController.m */,
				548959F815A2860700D4D11C /* JDMasterViewController.h */,
				548959F915A2860700D4D11C /* JDMasterViewController.m */,
				548959FB15A2860700D4D11C /* JDDetailViewController.h */,
				548959FC15A2860700D4D11C /* JDDetailViewController.m */,
				54A63DD615ABB49800C1A232 /* AccountEditViewController.h */,
				54A63DD715ABB49800C1A232 /* AccountEditViewController.m */,
				548959EA15A2860700D4D11C /* Supporting Files */,
			);
			path = JpegDisplayTestByTatsuroUeda;
			sourceTree = "<group>";
		};
		548959EA15A2860700D4D11C /* Supporting Files */ = {
			isa = PBXGroup;
			children = (
				548959EB15A2860700D4D11C /* JpegDisplayTestByTatsuroUeda-Info.plist */,
				548959EC15A2860700D4D11C /* InfoPlist.strings */,
				548959EF15A2860700D4D11C /* main.m */,
				548959F115A2860700D4D11C /* JpegDisplayTestByTatsuroUeda-Prefix.pch */,
			);
			name = "Supporting Files";
			sourceTree = "<group>";
		};
/* End PBXGroup section */

/* Begin PBXNativeTarget section */
		548959DE15A2860700D4D11C /* JpegDisplayTestByTatsuroUeda */ = {
			isa = PBXNativeTarget;
			buildConfigurationList = 54895A0015A2860700D4D11C /* Build configuration list for PBXNativeTarget "JpegDisplayTestByTatsuroUeda" */;
			buildPhases = (
				548959DB15A2860700D4D11C /* Sources */,
				548959DC15A2860700D4D11C /* Frameworks */,
				548959DD15A2860700D4D11C /* Resources */,
			);
			buildRules = (
			);
			dependencies = (
			);
			name = JpegDisplayTestByTatsuroUeda;
			productName = JpegDisplayTestByTatsuroUeda;
			productReference = 548959DF15A2860700D4D11C /* JpegDisplayTestByTatsuroUeda.app */;
			productType = "com.apple.product-type.application";
		};
/* End PBXNativeTarget section */

/* Begin PBXProject section */
		548959D615A2860700D4D11C /* Project object */ = {
			isa = PBXProject;
			attributes = {
				LastUpgradeCheck = 0420;
			};
			buildConfigurationList = 548959D915A2860700D4D11C /* Build configuration list for PBXProject "JpegDisplayTestByTatsuroUeda" */;
			compatibilityVersion = "Xcode 3.2";
			developmentRegion = English;
			hasScannedForEncodings = 0;
			knownRegions = (
				en,
			);
			mainGroup = 548959D415A2860700D4D11C;
			productRefGroup = 548959E015A2860700D4D11C /* Products */;
			projectDirPath = "";
			projectRoot = "";
			targets = (
				548959DE15A2860700D4D11C /* JpegDisplayTestByTatsuroUeda */,
			);
		};
/* End PBXProject section */

/* Begin PBXResourcesBuildPhase section */
		548959DD15A2860700D4D11C /* Resources */ = {
			isa = PBXResourcesBuildPhase;
			buildActionMask = 2147483647;
			files = (
				548959EE15A2860700D4D11C /* InfoPlist.strings in Resources */,
				548959F715A2860700D4D11C /* MainStoryboard.storyboard in Resources */,
			);
			runOnlyForDeploymentPostprocessing = 0;
		};
/* End PBXResourcesBuildPhase section */

/* Begin PBXSourcesBuildPhase section */
		548959DB15A2860700D4D11C /* Sources */ = {
			isa = PBXSourcesBuildPhase;
			buildActionMask = 2147483647;
			files = (
				548959F015A2860700D4D11C /* main.m in Sources */,
				548959F415A2860700D4D11C /* JDAppDelegate.m in Sources */,
				548959FA15A2860700D4D11C /* JDMasterViewController.m in Sources */,
				548959FD15A2860700D4D11C /* JDDetailViewController.m in Sources */,
				54BFA92E15A5253900CBB9E6 /* JDDownloadViewController.m in Sources */,
				54A63DD815ABB49800C1A232 /* AccountEditViewController.m in Sources */,
				5461ECCA15B8F6170013CC4E /* AFHTTPClient.m in Sources */,
				5461ECCB15B8F6170013CC4E /* AFHTTPRequestOperation.m in Sources */,
				5461ECCC15B8F6170013CC4E /* AFImageRequestOperation.m in Sources */,
				5461ECCD15B8F6170013CC4E /* AFJSONRequestOperation.m in Sources */,
				5461ECCE15B8F6170013CC4E /* AFJSONUtilities.m in Sources */,
				5461ECCF15B8F6170013CC4E /* AFNetworkActivityIndicatorManager.m in Sources */,
				5461ECD015B8F6170013CC4E /* AFPropertyListRequestOperation.m in Sources */,
				5461ECD115B8F6170013CC4E /* AFURLConnectionOperation.m in Sources */,
				5461ECD215B8F6170013CC4E /* AFXMLRequestOperation.m in Sources */,
				5461ECD315B8F6170013CC4E /* UIImageView+AFNetworking.m in Sources */,
			);
			runOnlyForDeploymentPostprocessing = 0;
		};
/* End PBXSourcesBuildPhase section */

/* Begin PBXVariantGroup section */
		548959EC15A2860700D4D11C /* InfoPlist.strings */ = {
			isa = PBXVariantGroup;
			children = (
				548959ED15A2860700D4D11C /* en */,
			);
			name = InfoPlist.strings;
			sourceTree = "<group>";
		};
		548959F515A2860700D4D11C /* MainStoryboard.storyboard */ = {
			isa = PBXVariantGroup;
			children = (
				548959F615A2860700D4D11C /* en */,
			);
			name = MainStoryboard.storyboard;
			sourceTree = "<group>";
		};
/* End PBXVariantGroup section */

/* Begin XCBuildConfiguration section */
		548959FE15A2860700D4D11C /* Debug */ = {
			isa = XCBuildConfiguration;
			buildSettings = {
				ALWAYS_SEARCH_USER_PATHS = NO;
				ARCHS = "$(ARCHS_STANDARD_32_BIT)";
				CLANG_ENABLE_OBJC_ARC = YES;
				"CODE_SIGN_IDENTITY[sdk=iphoneos*]" = "iPhone Developer";
				COPY_PHASE_STRIP = NO;
				GCC_C_LANGUAGE_STANDARD = gnu99;
				GCC_DYNAMIC_NO_PIC = NO;
				GCC_OPTIMIZATION_LEVEL = 0;
				GCC_PREPROCESSOR_DEFINITIONS = (
					"DEBUG=1",
					"$(inherited)",
				);
				GCC_SYMBOLS_PRIVATE_EXTERN = NO;
				GCC_VERSION = com.apple.compilers.llvm.clang.1_0;
				GCC_WARN_ABOUT_MISSING_PROTOTYPES = YES;
				GCC_WARN_ABOUT_RETURN_TYPE = YES;
				GCC_WARN_UNUSED_VARIABLE = YES;
				IPHONEOS_DEPLOYMENT_TARGET = 5.0;
				SDKROOT = iphoneos;
			};
			name = Debug;
		};
		548959FF15A2860700D4D11C /* Release */ = {
			isa = XCBuildConfiguration;
			buildSettings = {
				ALWAYS_SEARCH_USER_PATHS = NO;
				ARCHS = "$(ARCHS_STANDARD_32_BIT)";
				CLANG_ENABLE_OBJC_ARC = YES;
				"CODE_SIGN_IDENTITY[sdk=iphoneos*]" = "iPhone Developer";
				COPY_PHASE_STRIP = YES;
				GCC_C_LANGUAGE_STANDARD = gnu99;
				GCC_VERSION = com.apple.compilers.llvm.clang.1_0;
				GCC_WARN_ABOUT_MISSING_PROTOTYPES = YES;
				GCC_WARN_ABOUT_RETURN_TYPE = YES;
				GCC_WARN_UNUSED_VARIABLE = YES;
				IPHONEOS_DEPLOYMENT_TARGET = 5.0;
				OTHER_CFLAGS = "-DNS_BLOCK_ASSERTIONS=1";
				SDKROOT = iphoneos;
				VALIDATE_PRODUCT = YES;
			};
			name = Release;
		};
		54895A0115A2860700D4D11C /* Debug */ = {
			isa = XCBuildConfiguration;
			buildSettings = {
				GCC_PRECOMPILE_PREFIX_HEADER = YES;
				GCC_PREFIX_HEADER = "JpegDisplayTestByTatsuroUeda/JpegDisplayTestByTatsuroUeda-Prefix.pch";
				INFOPLIST_FILE = "JpegDisplayTestByTatsuroUeda/JpegDisplayTestByTatsuroUeda-Info.plist";
				PRODUCT_NAME = "$(TARGET_NAME)";
				WRAPPER_EXTENSION = app;
			};
			name = Debug;
		};
		54895A0215A2860700D4D11C /* Release */ = {
			isa = XCBuildConfiguration;
			buildSettings = {
				GCC_PRECOMPILE_PREFIX_HEADER = YES;
				GCC_PREFIX_HEADER = "JpegDisplayTestByTatsuroUeda/JpegDisplayTestByTatsuroUeda-Prefix.pch";
				INFOPLIST_FILE = "JpegDisplayTestByTatsuroUeda/JpegDisplayTestByTatsuroUeda-Info.plist";
				PRODUCT_NAME = "$(TARGET_NAME)";
				WRAPPER_EXTENSION = app;
			};
			name = Release;
		};
/* End XCBuildConfiguration section */

/* Begin XCConfigurationList section */
		548959D915A2860700D4D11C /* Build configuration list for PBXProject "JpegDisplayTestByTatsuroUeda" */ = {
			isa = XCConfigurationList;
			buildConfigurations = (
				548959FE15A2860700D4D11C /* Debug */,
				548959FF15A2860700D4D11C /* Release */,
			);
			defaultConfigurationIsVisible = 0;
			defaultConfigurationName = Release;
		};
		54895A0015A2860700D4D11C /* Build configuration list for PBXNativeTarget "JpegDisplayTestByTatsuroUeda" */ = {
			isa = XCConfigurationList;
			buildConfigurations = (
				54895A0115A2860700D4D11C /* Debug */,
				54895A0215A2860700D4D11C /* Release */,
			);
			defaultConfigurationIsVisible = 0;
			defaultConfigurationName = Release;
		};
/* End XCConfigurationList section */
	};
	rootObject = 548959D615A2860700D4D11C /* Project object */;
}
